
Microsoft Visual Studio Solution File, Format Version 9.00
# Visual Studio 2005
Project("{8BC9CEB8-8B4A-11D0-8D11-00A0C91BC942}") = "vc8_static_lib", "vc8_static_lib.vcproj", "{40BD52BB-5106-43B8-AD92-21BFD9343619}"
EndProject
Global
	GlobalSection(SolutionConfigurationPlatforms) = preSolution
		Debug|Win32 = Debug|Win32
		Release|Win32 = Release|Win32
	EndGlobalSection
	GlobalSection(ProjectConfigurationPlatforms) = postSolution
		{40BD52BB-5106-43B8-AD92-21BFD9343619}.Debug|Win32.ActiveCfg = Debug|Win32
		{40BD52BB-5106-43B8-AD92-21BFD9343619}.Debug|Win32.Build.0 = Debug|Win32
		{40BD52BB-5106-43B8-AD92-21BFD9343619}.Release|Win32.ActiveCfg = Release|Win32
		{40BD52BB-5106-43B8-AD92-21BFD9343619}.Release|Win32.Build.0 = Release|Win32
	EndGlobalSection
	GlobalSection(SolutionProperties) = preSolution
		HideSolutionNode = FALSE
	EndGlobalSection
EndGlobal
