
Microsoft Visual Studio Solution File, Format Version 9.00
# Visual Studio 2005
Project("{8BC9CEB8-8B4A-11D0-8D11-00A0C91BC942}") = "vc8_dynamic_lib", "vc8_dynamic_lib.vcproj", "{1EE4775C-52AA-4538-AD6C-FAFF0EF14361}"
EndProject
Global
	GlobalSection(SolutionConfigurationPlatforms) = preSolution
		Debug|Win32 = Debug|Win32
		Release|Win32 = Release|Win32
	EndGlobalSection
	GlobalSection(ProjectConfigurationPlatforms) = postSolution
		{1EE4775C-52AA-4538-AD6C-FAFF0EF14361}.Debug|Win32.ActiveCfg = Debug|Win32
		{1EE4775C-52AA-4538-AD6C-FAFF0EF14361}.Debug|Win32.Build.0 = Debug|Win32
		{1EE4775C-52AA-4538-AD6C-FAFF0EF14361}.Release|Win32.ActiveCfg = Release|Win32
		{1EE4775C-52AA-4538-AD6C-FAFF0EF14361}.Release|Win32.Build.0 = Release|Win32
	EndGlobalSection
	GlobalSection(SolutionProperties) = preSolution
		HideSolutionNode = FALSE
	EndGlobalSection
EndGlobal
